
Microsoft Visual Studio Solution File, Format Version 12.00
# Visual Studio Version 16
VisualStudioVersion = 16.0.29411.108
MinimumVisualStudioVersion = 10.0.40219.1
Project("{FAE04EC0-301F-11D3-BF4B-00C04F79EFBC}") = "Kattis-3dprinter", "Kattis-3dprinter.csproj", "{1688A88D-CAF6-4715-A55D-EE94FE3AE894}"
EndProject
Project("{FAE04EC0-301F-11D3-BF4B-00C04F79EFBC}") = "Kattis-3dprinterTests", "..\Kattis-3dprinterTests\Kattis-3dprinterTests.csproj", "{D1793D02-382A-4485-BFF6-CB0F7B6F85A6}"
EndProject
Global
	GlobalSection(SolutionConfigurationPlatforms) = preSolution
		Debug|Any CPU = Debug|Any CPU
		Release|Any CPU = Release|Any CPU
	EndGlobalSection
	GlobalSection(ProjectConfigurationPlatforms) = postSolution
		{1688A88D-CAF6-4715-A55D-EE94FE3AE894}.Debug|Any CPU.ActiveCfg = Debug|Any CPU
		{1688A88D-CAF6-4715-A55D-EE94FE3AE894}.Debug|Any CPU.Build.0 = Debug|Any CPU
		{1688A88D-CAF6-4715-A55D-EE94FE3AE894}.Release|Any CPU.ActiveCfg = Release|Any CPU
		{1688A88D-CAF6-4715-A55D-EE94FE3AE894}.Release|Any CPU.Build.0 = Release|Any CPU
		{D1793D02-382A-4485-BFF6-CB0F7B6F85A6}.Debug|Any CPU.ActiveCfg = Debug|Any CPU
		{D1793D02-382A-4485-BFF6-CB0F7B6F85A6}.Debug|Any CPU.Build.0 = Debug|Any CPU
		{D1793D02-382A-4485-BFF6-CB0F7B6F85A6}.Release|Any CPU.ActiveCfg = Release|Any CPU
		{D1793D02-382A-4485-BFF6-CB0F7B6F85A6}.Release|Any CPU.Build.0 = Release|Any CPU
	EndGlobalSection
	GlobalSection(SolutionProperties) = preSolution
		HideSolutionNode = FALSE
	EndGlobalSection
	GlobalSection(ExtensibilityGlobals) = postSolution
		SolutionGuid = {119EA084-1119-4DE9-9FB7-B32C7B0D35CD}
	EndGlobalSection
EndGlobal
